
Microsoft Visual Studio Solution File, Format Version 12.00
# Visual Studio Version 17
VisualStudioVersion = 17.4.33205.214
MinimumVisualStudioVersion = 10.0.40219.1
Project("{FAE04EC0-301F-11D3-BF4B-00C04F79EFBC}") = "ConsoleApp1", "ConsoleApp1\ConsoleApp1.csproj", "{A56C244E-62B0-4772-8B05-D413498E3BEE}"
EndProject
Global
	GlobalSection(SolutionConfigurationPlatforms) = preSolution
		Debug|Any CPU = Debug|Any CPU
		Release|Any CPU = Release|Any CPU
	EndGlobalSection
	GlobalSection(ProjectConfigurationPlatforms) = postSolution
		{A56C244E-62B0-4772-8B05-D413498E3BEE}.Debug|Any CPU.ActiveCfg = Debug|Any CPU
		{A56C244E-62B0-4772-8B05-D413498E3BEE}.Debug|Any CPU.Build.0 = Debug|Any CPU
		{A56C244E-62B0-4772-8B05-D413498E3BEE}.Release|Any CPU.ActiveCfg = Release|Any CPU
		{A56C244E-62B0-4772-8B05-D413498E3BEE}.Release|Any CPU.Build.0 = Release|Any CPU
	EndGlobalSection
	GlobalSection(SolutionProperties) = preSolution
		HideSolutionNode = FALSE
	EndGlobalSection
	GlobalSection(ExtensibilityGlobals) = postSolution
		SolutionGuid = {31193183-3B29-4498-BEC5-F93E58148ACB}
	EndGlobalSection
EndGlobal
